
Microsoft Visual Studio Solution File, Format Version 12.00
# Visual Studio 15
VisualStudioVersion = 15.0.34930.48
MinimumVisualStudioVersion = 10.0.40219.1
Project("{FAE04EC0-301F-11D3-BF4B-00C04F79EFBC}") = "IntroductionToADO", "IntroductionToADO\IntroductionToADO.csproj", "{C784314B-03AD-45DC-A23B-CCB9120D2A2D}"
EndProject
Global
	GlobalSection(SolutionConfigurationPlatforms) = preSolution
		Debug|Any CPU = Debug|Any CPU
		Release|Any CPU = Release|Any CPU
	EndGlobalSection
	GlobalSection(ProjectConfigurationPlatforms) = postSolution
		{C784314B-03AD-45DC-A23B-CCB9120D2A2D}.Debug|Any CPU.ActiveCfg = Debug|Any CPU
		{C784314B-03AD-45DC-A23B-CCB9120D2A2D}.Debug|Any CPU.Build.0 = Debug|Any CPU
		{C784314B-03AD-45DC-A23B-CCB9120D2A2D}.Release|Any CPU.ActiveCfg = Release|Any CPU
		{C784314B-03AD-45DC-A23B-CCB9120D2A2D}.Release|Any CPU.Build.0 = Release|Any CPU
	EndGlobalSection
	GlobalSection(SolutionProperties) = preSolution
		HideSolutionNode = FALSE
	EndGlobalSection
	GlobalSection(ExtensibilityGlobals) = postSolution
		SolutionGuid = {6F38B623-45B0-4CF5-96A7-0BDA89421791}
	EndGlobalSection
EndGlobal
